
Microsoft Visual Studio Solution File, Format Version 12.00
# Visual Studio Version 17
VisualStudioVersion = 17.1.32210.238
MinimumVisualStudioVersion = 10.0.40219.1
Project("{FAE04EC0-301F-11D3-BF4B-00C04F79EFBC}") = "TestDevPace.Data", "TestDevPace.Data\TestDevPace.Data.csproj", "{726AD705-9C7D-4046-AA60-CA36E45F84F0}"
EndProject
Project("{FAE04EC0-301F-11D3-BF4B-00C04F79EFBC}") = "TestDevPace.Business", "TestDevPace.Business\TestDevPace.Business.csproj", "{40E5D8BB-967F-4BB3-8F64-B9585C9613CD}"
EndProject
Global
	GlobalSection(SolutionConfigurationPlatforms) = preSolution
		Debug|Any CPU = Debug|Any CPU
		Release|Any CPU = Release|Any CPU
	EndGlobalSection
	GlobalSection(ProjectConfigurationPlatforms) = postSolution
		{726AD705-9C7D-4046-AA60-CA36E45F84F0}.Debug|Any CPU.ActiveCfg = Debug|Any CPU
		{726AD705-9C7D-4046-AA60-CA36E45F84F0}.Debug|Any CPU.Build.0 = Debug|Any CPU
		{726AD705-9C7D-4046-AA60-CA36E45F84F0}.Release|Any CPU.ActiveCfg = Release|Any CPU
		{726AD705-9C7D-4046-AA60-CA36E45F84F0}.Release|Any CPU.Build.0 = Release|Any CPU
		{40E5D8BB-967F-4BB3-8F64-B9585C9613CD}.Debug|Any CPU.ActiveCfg = Debug|Any CPU
		{40E5D8BB-967F-4BB3-8F64-B9585C9613CD}.Debug|Any CPU.Build.0 = Debug|Any CPU
		{40E5D8BB-967F-4BB3-8F64-B9585C9613CD}.Release|Any CPU.ActiveCfg = Release|Any CPU
		{40E5D8BB-967F-4BB3-8F64-B9585C9613CD}.Release|Any CPU.Build.0 = Release|Any CPU
	EndGlobalSection
	GlobalSection(SolutionProperties) = preSolution
		HideSolutionNode = FALSE
	EndGlobalSection
	GlobalSection(ExtensibilityGlobals) = postSolution
		SolutionGuid = {6E49AF0B-A491-4D48-8E08-691CE283FD29}
	EndGlobalSection
EndGlobal
